
Microsoft Visual Studio Solution File, Format Version 12.00
# Visual Studio Version 17
VisualStudioVersion = 17.1.32210.238
MinimumVisualStudioVersion = 10.0.40219.1
Project("{FAE04EC0-301F-11D3-BF4B-00C04F79EFBC}") = "tic-tac-toe", "tic-tac-toe\tic-tac-toe.csproj", "{DA7D4D7A-FEBF-4142-91D4-876700FB931B}"
EndProject
Global
	GlobalSection(SolutionConfigurationPlatforms) = preSolution
		Debug|Any CPU = Debug|Any CPU
		Release|Any CPU = Release|Any CPU
	EndGlobalSection
	GlobalSection(ProjectConfigurationPlatforms) = postSolution
		{DA7D4D7A-FEBF-4142-91D4-876700FB931B}.Debug|Any CPU.ActiveCfg = Debug|Any CPU
		{DA7D4D7A-FEBF-4142-91D4-876700FB931B}.Debug|Any CPU.Build.0 = Debug|Any CPU
		{DA7D4D7A-FEBF-4142-91D4-876700FB931B}.Release|Any CPU.ActiveCfg = Release|Any CPU
		{DA7D4D7A-FEBF-4142-91D4-876700FB931B}.Release|Any CPU.Build.0 = Release|Any CPU
	EndGlobalSection
	GlobalSection(SolutionProperties) = preSolution
		HideSolutionNode = FALSE
	EndGlobalSection
	GlobalSection(ExtensibilityGlobals) = postSolution
		SolutionGuid = {BB191EA5-A35F-4B8F-8A0A-69A46C81C06F}
	EndGlobalSection
EndGlobal
